
Microsoft Visual Studio Solution File, Format Version 12.00
# Visual Studio Version 17
VisualStudioVersion = 17.7.34031.279
MinimumVisualStudioVersion = 10.0.40219.1
Project("{9A19103F-16F7-4668-BE54-9A1E7A4F7556}") = "NotificationTablePopulationLambda", "NotificationTablePopulationLambda\NotificationTablePopulationLambda.csproj", "{D115E4D1-18E5-4251-959E-AC69F423E7A6}"
EndProject
Project("{FAE04EC0-301F-11D3-BF4B-00C04F79EFBC}") = "NotificationTablePopulationLambda.UnitTests", "NotificationTablePopulationLambda.UnitTests\NotificationTablePopulationLambda.UnitTests.csproj", "{DBA7A62F-7785-4B41-8F0E-199D23EB7166}"
EndProject
Global
	GlobalSection(SolutionConfigurationPlatforms) = preSolution
		Debug|Any CPU = Debug|Any CPU
		Release|Any CPU = Release|Any CPU
	EndGlobalSection
	GlobalSection(ProjectConfigurationPlatforms) = postSolution
		{D115E4D1-18E5-4251-959E-AC69F423E7A6}.Debug|Any CPU.ActiveCfg = Debug|Any CPU
		{D115E4D1-18E5-4251-959E-AC69F423E7A6}.Debug|Any CPU.Build.0 = Debug|Any CPU
		{D115E4D1-18E5-4251-959E-AC69F423E7A6}.Release|Any CPU.ActiveCfg = Release|Any CPU
		{D115E4D1-18E5-4251-959E-AC69F423E7A6}.Release|Any CPU.Build.0 = Release|Any CPU
		{DBA7A62F-7785-4B41-8F0E-199D23EB7166}.Debug|Any CPU.ActiveCfg = Debug|Any CPU
		{DBA7A62F-7785-4B41-8F0E-199D23EB7166}.Debug|Any CPU.Build.0 = Debug|Any CPU
		{DBA7A62F-7785-4B41-8F0E-199D23EB7166}.Release|Any CPU.ActiveCfg = Release|Any CPU
		{DBA7A62F-7785-4B41-8F0E-199D23EB7166}.Release|Any CPU.Build.0 = Release|Any CPU
	EndGlobalSection
	GlobalSection(SolutionProperties) = preSolution
		HideSolutionNode = FALSE
	EndGlobalSection
	GlobalSection(ExtensibilityGlobals) = postSolution
		SolutionGuid = {4BCD4E8A-5CE5-45CC-8BC3-44279062854C}
	EndGlobalSection
EndGlobal
